{
  "name": "backend",
  "version": "1.0.0",
  "lockfileVersion": 2,
  "requires": true,
  "packages": {
    "": {
      "name": "backend",
      "version": "1.0.0",
      "license": "ISC",
      "dependencies": {
        "node-cmd": "^5.0.0"
      }
    },
    "node_modules/node-cmd": {
      "version": "5.0.0",
      "resolved": "https://registry.npmjs.org/node-cmd/-/node-cmd-5.0.0.tgz",
      "integrity": "sha512-4sQTJmsS5uZKAPz/Df9fnIbmvOySfGdW+UreH4X5NcAOOpKjaE+K5wf4ehNBbZVPo0vQ36RkRnhhsXXJAT+Syw==",
      "engines": {
        "node": ">=6.4.0"
      }
    }
  },
  "dependencies": {
    "node-cmd": {
      "version": "5.0.0",
      "resolved": "https://registry.npmjs.org/node-cmd/-/node-cmd-5.0.0.tgz",
      "integrity": "sha512-4sQTJmsS5uZKAPz/Df9fnIbmvOySfGdW+UreH4X5NcAOOpKjaE+K5wf4ehNBbZVPo0vQ36RkRnhhsXXJAT+Syw=="
    }
  }
}
